
Microsoft Visual Studio Solution File, Format Version 12.00
# Visual Studio Version 17
VisualStudioVersion = 17.9.34701.34
MinimumVisualStudioVersion = 10.0.40219.1
Project("{FAE04EC0-301F-11D3-BF4B-00C04F79EFBC}") = "3d-volumetric-cloud-gateway", "3d-volumetric-cloud-gateway\3d-volumetric-cloud-gateway.csproj", "{B8E0507E-E2F5-4016-83EE-0B1A3E3C198A}"
EndProject
Global
	GlobalSection(SolutionConfigurationPlatforms) = preSolution
		Debug|Any CPU = Debug|Any CPU
		Release|Any CPU = Release|Any CPU
	EndGlobalSection
	GlobalSection(ProjectConfigurationPlatforms) = postSolution
		{B8E0507E-E2F5-4016-83EE-0B1A3E3C198A}.Debug|Any CPU.ActiveCfg = Debug|Any CPU
		{B8E0507E-E2F5-4016-83EE-0B1A3E3C198A}.Debug|Any CPU.Build.0 = Debug|Any CPU
		{B8E0507E-E2F5-4016-83EE-0B1A3E3C198A}.Release|Any CPU.ActiveCfg = Release|Any CPU
		{B8E0507E-E2F5-4016-83EE-0B1A3E3C198A}.Release|Any CPU.Build.0 = Release|Any CPU
	EndGlobalSection
	GlobalSection(SolutionProperties) = preSolution
		HideSolutionNode = FALSE
	EndGlobalSection
	GlobalSection(ExtensibilityGlobals) = postSolution
		SolutionGuid = {760BE8C0-4739-4CB2-B83E-D0D6484E513A}
	EndGlobalSection
EndGlobal
